
Microsoft Visual Studio Solution File, Format Version 12.00
# Visual Studio Version 16
VisualStudioVersion = 16.0.28803.452
MinimumVisualStudioVersion = 10.0.40219.1
Project("{9A19103F-16F7-4668-BE54-9A1E7A4F7556}") = "Runes.Core", "Runes.Core\Runes.Core.csproj", "{68289FE7-B4ED-4F3A-8DAE-937E0D51CB49}"
EndProject
Project("{9A19103F-16F7-4668-BE54-9A1E7A4F7556}") = "Runes.Calc", "Runes.Calc\Runes.Calc.csproj", "{80286A59-9FE0-4545-875C-AED5F9948E29}"
EndProject
Project("{9A19103F-16F7-4668-BE54-9A1E7A4F7556}") = "Runes.Core.Test", "Runes.Core.Test\Runes.Core.Test.csproj", "{96DA9F7B-EC3F-4187-AFCE-8D41598227E4}"
EndProject
Project("{FAE04EC0-301F-11D3-BF4B-00C04F79EFBC}") = "Runes.Async", "Runes.Async\Runes.Async.csproj", "{22F004F6-99E7-43E2-98E3-B0321BC69274}"
EndProject
Project("{FAE04EC0-301F-11D3-BF4B-00C04F79EFBC}") = "Runes.Labs", "Runes.Labs\Runes.Labs.csproj", "{6EE4B1C9-2851-4ECE-BE44-A107E69796C1}"
EndProject
Global
	GlobalSection(SolutionConfigurationPlatforms) = preSolution
		Debug|Any CPU = Debug|Any CPU
		Release|Any CPU = Release|Any CPU
	EndGlobalSection
	GlobalSection(ProjectConfigurationPlatforms) = postSolution
		{68289FE7-B4ED-4F3A-8DAE-937E0D51CB49}.Debug|Any CPU.ActiveCfg = Debug|Any CPU
		{68289FE7-B4ED-4F3A-8DAE-937E0D51CB49}.Debug|Any CPU.Build.0 = Debug|Any CPU
		{68289FE7-B4ED-4F3A-8DAE-937E0D51CB49}.Release|Any CPU.ActiveCfg = Release|Any CPU
		{68289FE7-B4ED-4F3A-8DAE-937E0D51CB49}.Release|Any CPU.Build.0 = Release|Any CPU
		{80286A59-9FE0-4545-875C-AED5F9948E29}.Debug|Any CPU.ActiveCfg = Debug|Any CPU
		{80286A59-9FE0-4545-875C-AED5F9948E29}.Debug|Any CPU.Build.0 = Debug|Any CPU
		{80286A59-9FE0-4545-875C-AED5F9948E29}.Release|Any CPU.ActiveCfg = Release|Any CPU
		{80286A59-9FE0-4545-875C-AED5F9948E29}.Release|Any CPU.Build.0 = Release|Any CPU
		{96DA9F7B-EC3F-4187-AFCE-8D41598227E4}.Debug|Any CPU.ActiveCfg = Debug|Any CPU
		{96DA9F7B-EC3F-4187-AFCE-8D41598227E4}.Debug|Any CPU.Build.0 = Debug|Any CPU
		{96DA9F7B-EC3F-4187-AFCE-8D41598227E4}.Release|Any CPU.ActiveCfg = Release|Any CPU
		{96DA9F7B-EC3F-4187-AFCE-8D41598227E4}.Release|Any CPU.Build.0 = Release|Any CPU
		{22F004F6-99E7-43E2-98E3-B0321BC69274}.Debug|Any CPU.ActiveCfg = Debug|Any CPU
		{22F004F6-99E7-43E2-98E3-B0321BC69274}.Debug|Any CPU.Build.0 = Debug|Any CPU
		{22F004F6-99E7-43E2-98E3-B0321BC69274}.Release|Any CPU.ActiveCfg = Release|Any CPU
		{22F004F6-99E7-43E2-98E3-B0321BC69274}.Release|Any CPU.Build.0 = Release|Any CPU
		{6EE4B1C9-2851-4ECE-BE44-A107E69796C1}.Debug|Any CPU.ActiveCfg = Debug|Any CPU
		{6EE4B1C9-2851-4ECE-BE44-A107E69796C1}.Debug|Any CPU.Build.0 = Debug|Any CPU
		{6EE4B1C9-2851-4ECE-BE44-A107E69796C1}.Release|Any CPU.ActiveCfg = Release|Any CPU
		{6EE4B1C9-2851-4ECE-BE44-A107E69796C1}.Release|Any CPU.Build.0 = Release|Any CPU
	EndGlobalSection
	GlobalSection(SolutionProperties) = preSolution
		HideSolutionNode = FALSE
	EndGlobalSection
	GlobalSection(ExtensibilityGlobals) = postSolution
		SolutionGuid = {2D8136F6-9D43-4A7E-ACBF-A1DDF3F086ED}
	EndGlobalSection
EndGlobal
